
Microsoft Visual Studio Solution File, Format Version 12.00
# Visual Studio 15
VisualStudioVersion = 15.0.28307.852
MinimumVisualStudioVersion = 10.0.40219.1
Project("{FAE04EC0-301F-11D3-BF4B-00C04F79EFBC}") = "CatalogApi", "CatalogApi\CatalogApi.csproj", "{FC5D4883-F507-4848-A1B0-86B5B14A1EFE}"
EndProject
Global
	GlobalSection(SolutionConfigurationPlatforms) = preSolution
		Debug|Any CPU = Debug|Any CPU
		Release|Any CPU = Release|Any CPU
	EndGlobalSection
	GlobalSection(ProjectConfigurationPlatforms) = postSolution
		{FC5D4883-F507-4848-A1B0-86B5B14A1EFE}.Debug|Any CPU.ActiveCfg = Debug|Any CPU
		{FC5D4883-F507-4848-A1B0-86B5B14A1EFE}.Debug|Any CPU.Build.0 = Debug|Any CPU
		{FC5D4883-F507-4848-A1B0-86B5B14A1EFE}.Release|Any CPU.ActiveCfg = Release|Any CPU
		{FC5D4883-F507-4848-A1B0-86B5B14A1EFE}.Release|Any CPU.Build.0 = Release|Any CPU
	EndGlobalSection
	GlobalSection(SolutionProperties) = preSolution
		HideSolutionNode = FALSE
	EndGlobalSection
	GlobalSection(ExtensibilityGlobals) = postSolution
		SolutionGuid = {33D3F731-A9BF-4089-9630-257892F076EA}
	EndGlobalSection
EndGlobal
